// !$*UTF8*$!
{
	archiveVersion = 1;
	classes = {
	};
	objectVersion = 50;
	objects = {

/* Begin PBXBuildFile section */
		CA128C8C241A8EDB007B3CBC /* AppDelegate.swift in Sources */ = {isa = PBXBuildFile; fileRef = CA128C8B241A8EDB007B3CBC /* AppDelegate.swift */; };
		CA128C8E241A8EDB007B3CBC /* SceneDelegate.swift in Sources */ = {isa = PBXBuildFile; fileRef = CA128C8D241A8EDB007B3CBC /* SceneDelegate.swift */; };
		CA128C90241A8EDB007B3CBC /* ViewController.swift in Sources */ = {isa = PBXBuildFile; fileRef = CA128C8F241A8EDB007B3CBC /* ViewController.swift */; };
		CA128C93241A8EDB007B3CBC /* Main.storyboard in Resources */ = {isa = PBXBuildFile; fileRef = CA128C91241A8EDB007B3CBC /* Main.storyboard */; };
		CA128C95241A8EDC007B3CBC /* Assets.xcassets in Resources */ = {isa = PBXBuildFile; fileRef = CA128C94241A8EDC007B3CBC /* Assets.xcassets */; };
		CA128C98241A8EDC007B3CBC /* LaunchScreen.storyboard in Resources */ = {isa = PBXBuildFile; fileRef = CA128C96241A8EDC007B3CBC /* LaunchScreen.storyboard */; };
/* End PBXBuildFile section */

/* Begin PBXFileReference section */
		CA128C88241A8EDB007B3CBC /* portfolioRosen.app */ = {isa = PBXFileReference; explicitFileType = wrapper.application; includeInIndex = 0; path = portfolioRosen.app; sourceTree = BUILT_PRODUCTS_DIR; };
		CA128C8B241A8EDB007B3CBC /* AppDelegate.swift */ = {isa = PBXFileReference; lastKnownFileType = sourcecode.swift; path = AppDelegate.swift; sourceTree = "<group>"; };
		CA128C8D241A8EDB007B3CBC /* SceneDelegate.swift */ = {isa = PBXFileReference; lastKnownFileType = sourcecode.swift; path = SceneDelegate.swift; sourceTree = "<group>"; };
		CA128C8F241A8EDB007B3CBC /* ViewController.swift */ = {isa = PBXFileReference; lastKnownFileType = sourcecode.swift; path = ViewController.swift; sourceTree = "<group>"; };
		CA128C92241A8EDB007B3CBC /* Base */ = {isa = PBXFileReference; lastKnownFileType = file.storyboard; name = Base; path = Base.lproj/Main.storyboard; sourceTree = "<group>"; };
		CA128C94241A8EDC007B3CBC /* Assets.xcassets */ = {isa = PBXFileReference; lastKnownFileType = folder.assetcatalog; path = Assets.xcassets; sourceTree = "<group>"; };
		CA128C97241A8EDC007B3CBC /* Base */ = {isa = PBXFileReference; lastKnownFileType = file.storyboard; name = Base; path = Base.lproj/LaunchScreen.storyboard; sourceTree = "<group>"; };
		CA128C99241A8EDC007B3CBC /* Info.plist */ = {isa = PBXFileReference; lastKnownFileType = text.plist.xml; path = Info.plist; sourceTree = "<group>"; };
/* End PBXFileReference section */

/* Begin PBXFrameworksBuildPhase section */
		CA128C85241A8EDB007B3CBC /* Frameworks */ = {
			isa = PBXFrameworksBuildPhase;
			buildActionMask = 2147483647;
			files = (
			);
			runOnlyForDeploymentPostprocessing = 0;
		};
/* End PBXFrameworksBuildPhase section */

/* Begin PBXGroup section */
		CA128C7F241A8EDA007B3CBC = {
			isa = PBXGroup;
			children = (
				CA128C8A241A8EDB007B3CBC /* portfolioRosen */,
				CA128C89241A8EDB007B3CBC /* Products */,
			);
			sourceTree = "<group>";
		};
		CA128C89241A8EDB007B3CBC /* Products */ = {
			isa = PBXGroup;
			children = (
				CA128C88241A8EDB007B3CBC /* portfolioRosen.app */,
			);
			name = Products;
			sourceTree = "<group>";
		};
		CA128C8A241A8EDB007B3CBC /* portfolioRosen */ = {
			isa = PBXGroup;
			children = (
				CA128C8B241A8EDB007B3CBC /* AppDelegate.swift */,
				CA128C8D241A8EDB007B3CBC /* SceneDelegate.swift */,
				CA128C8F241A8EDB007B3CBC /* ViewController.swift */,
				CA128C91241A8EDB007B3CBC /* Main.storyboard */,
				CA128C94241A8EDC007B3CBC /* Assets.xcassets */,
				CA128C96241A8EDC007B3CBC /* LaunchScreen.storyboard */,
				CA128C99241A8EDC007B3CBC /* Info.plist */,
			);
			path = portfolioRosen;
			sourceTree = "<group>";
		};
/* End PBXGroup section */

/* Begin PBXNativeTarget section */
		CA128C87241A8EDB007B3CBC /* portfolioRosen */ = {
			isa = PBXNativeTarget;
			buildConfigurationList = CA128C9C241A8EDC007B3CBC /* Build configuration list for PBXNativeTarget "portfolioRosen" */;
			buildPhases = (
				CA128C84241A8EDB007B3CBC /* Sources */,
				CA128C85241A8EDB007B3CBC /* Frameworks */,
				CA128C86241A8EDB007B3CBC /* Resources */,
			);
			buildRules = (
			);
			dependencies = (
			);
			name = portfolioRosen;
			productName = portfolioRosen;
			productReference = CA128C88241A8EDB007B3CBC /* portfolioRosen.app */;
			productType = "com.apple.product-type.application";
		};
/* End PBXNativeTarget section */

/* Begin PBXProject section */
		CA128C80241A8EDA007B3CBC /* Project object */ = {
			isa = PBXProject;
			attributes = {
				LastSwiftUpdateCheck = 1130;
				LastUpgradeCheck = 1130;
				ORGANIZATIONNAME = "Rosen, Aidan";
				TargetAttributes = {
					CA128C87241A8EDB007B3CBC = {
						CreatedOnToolsVersion = 11.3.1;
					};
				};
			};
			buildConfigurationList = CA128C83241A8EDA007B3CBC /* Build configuration list for PBXProject "portfolioRosen" */;
			compatibilityVersion = "Xcode 9.3";
			developmentRegion = en;
			hasScannedForEncodings = 0;
			knownRegions = (
				en,
				Base,
			);
			mainGroup = CA128C7F241A8EDA007B3CBC;
			productRefGroup = CA128C89241A8EDB007B3CBC /* Products */;
			projectDirPath = "";
			projectRoot = "";
			targets = (
				CA128C87241A8EDB007B3CBC /* portfolioRosen */,
			);
		};
/* End PBXProject section */

/* Begin PBXResourcesBuildPhase section */
		CA128C86241A8EDB007B3CBC /* Resources */ = {
			isa = PBXResourcesBuildPhase;
			buildActionMask = 2147483647;
			files = (
				CA128C98241A8EDC007B3CBC /* LaunchScreen.storyboard in Resources */,
				CA128C95241A8EDC007B3CBC /* Assets.xcassets in Resources */,
				CA128C93241A8EDB007B3CBC /* Main.storyboard in Resources */,
			);
			runOnlyForDeploymentPostprocessing = 0;
		};
/* End PBXResourcesBuildPhase section */

/* Begin PBXSourcesBuildPhase section */
		CA128C84241A8EDB007B3CBC /* Sources */ = {
			isa = PBXSourcesBuildPhase;
			buildActionMask = 2147483647;
			files = (
				CA128C90241A8EDB007B3CBC /* ViewController.swift in Sources */,
				CA128C8C241A8EDB007B3CBC /* AppDelegate.swift in Sources */,
				CA128C8E241A8EDB007B3CBC /* SceneDelegate.swift in Sources */,
			);
			runOnlyForDeploymentPostprocessing = 0;
		};
/* End PBXSourcesBuildPhase section */

/* Begin PBXVariantGroup section */
		CA128C91241A8EDB007B3CBC /* Main.storyboard */ = {
			isa = PBXVariantGroup;
			children = (
				CA128C92241A8EDB007B3CBC /* Base */,
			);
			name = Main.storyboard;
			sourceTree = "<group>";
		};
		CA128C96241A8EDC007B3CBC /* LaunchScreen.storyboard */ = {
			isa = PBXVariantGroup;
			children = (
				CA128C97241A8EDC007B3CBC /* Base */,
			);
			name = LaunchScreen.storyboard;
			sourceTree = "<group>";
		};
/* End PBXVariantGroup section */

/* Begin XCBuildConfiguration section */
		CA128C9A241A8EDC007B3CBC /* Debug */ = {
			isa = XCBuildConfiguration;
			buildSettings = {
				ALWAYS_SEARCH_USER_PATHS = NO;
				CLANG_ANALYZER_NONNULL = YES;
				CLANG_ANALYZER_NUMBER_OBJECT_CONVERSION = YES_AGGRESSIVE;
				CLANG_CXX_LANGUAGE_STANDARD = "gnu++14";
				CLANG_CXX_LIBRARY = "libc++";
				CLANG_ENABLE_MODULES = YES;
				CLANG_ENABLE_OBJC_ARC = YES;
				CLANG_ENABLE_OBJC_WEAK = YES;
				CLANG_WARN_BLOCK_CAPTURE_AUTORELEASING = YES;
				CLANG_WARN_BOOL_CONVERSION = YES;
				CLANG_WARN_COMMA = YES;
				CLANG_WARN_CONSTANT_CONVERSION = YES;
				CLANG_WARN_DEPRECATED_OBJC_IMPLEMENTATIONS = YES;
				CLANG_WARN_DIRECT_OBJC_ISA_USAGE = YES_ERROR;
				CLANG_WARN_DOCUMENTATION_COMMENTS = YES;
				CLANG_WARN_EMPTY_BODY = YES;
				CLANG_WARN_ENUM_CONVERSION = YES;
				CLANG_WARN_INFINITE_RECURSION = YES;
				CLANG_WARN_INT_CONVERSION = YES;
				CLANG_WARN_NON_LITERAL_NULL_CONVERSION = YES;
				CLANG_WARN_OBJC_IMPLICIT_RETAIN_SELF = YES;
				CLANG_WARN_OBJC_LITERAL_CONVERSION = YES;
				CLANG_WARN_OBJC_ROOT_CLASS = YES_ERROR;
				CLANG_WARN_RANGE_LOOP_ANALYSIS = YES;
				CLANG_WARN_STRICT_PROTOTYPES = YES;
				CLANG_WARN_SUSPICIOUS_MOVE = YES;
				CLANG_WARN_UNGUARDED_AVAILABILITY = YES_AGGRESSIVE;
				CLANG_WARN_UNREACHABLE_CODE = YES;
				CLANG_WARN__DUPLICATE_METHOD_MATCH = YES;
				COPY_PHASE_STRIP = NO;
				DEBUG_INFORMATION_FORMAT = dwarf;
				ENABLE_STRICT_OBJC_MSGSEND = YES;
				ENABLE_TESTABILITY = YES;
				GCC_C_LANGUAGE_STANDARD = gnu11;
				GCC_DYNAMIC_NO_PIC = NO;
				GCC_NO_COMMON_BLOCKS = YES;
				GCC_OPTIMIZATION_LEVEL = 0;
				GCC_PREPROCESSOR_DEFINITIONS = (
					"DEBUG=1",
					"$(inherited)",
				);
				GCC_WARN_64_TO_32_BIT_CONVERSION = YES;
				GCC_WARN_ABOUT_RETURN_TYPE = YES_ERROR;
				GCC_WARN_UNDECLARED_SELECTOR = YES;
				GCC_WARN_UNINITIALIZED_AUTOS = YES_AGGRESSIVE;
				GCC_WARN_UNUSED_FUNCTION = YES;
				GCC_WARN_UNUSED_VARIABLE = YES;
				IPHONEOS_DEPLOYMENT_TARGET = 13.2;
				MTL_ENABLE_DEBUG_INFO = INCLUDE_SOURCE;
				MTL_FAST_MATH = YES;
				ONLY_ACTIVE_ARCH = YES;
				SDKROOT = iphoneos;
				SWIFT_ACTIVE_COMPILATION_CONDITIONS = DEBUG;
				SWIFT_OPTIMIZATION_LEVEL = "-Onone";
			};
			name = Debug;
		};
		CA128C9B241A8EDC007B3CBC /* Release */ = {
			isa = XCBuildConfiguration;
			buildSettings = {
				ALWAYS_SEARCH_USER_PATHS = NO;
				CLANG_ANALYZER_NONNULL = YES;
				CLANG_ANALYZER_NUMBER_OBJECT_CONVERSION = YES_AGGRESSIVE;
				CLANG_CXX_LANGUAGE_STANDARD = "gnu++14";
				CLANG_CXX_LIBRARY = "libc++";
				CLANG_ENABLE_MODULES = YES;
				CLANG_ENABLE_OBJC_ARC = YES;
				CLANG_ENABLE_OBJC_WEAK = YES;
				CLANG_WARN_BLOCK_CAPTURE_AUTORELEASING = YES;
				CLANG_WARN_BOOL_CONVERSION = YES;
				CLANG_WARN_COMMA = YES;
				CLANG_WARN_CONSTANT_CONVERSION = YES;
				CLANG_WARN_DEPRECATED_OBJC_IMPLEMENTATIONS = YES;
				CLANG_WARN_DIRECT_OBJC_ISA_USAGE = YES_ERROR;
				CLANG_WARN_DOCUMENTATION_COMMENTS = YES;
				CLANG_WARN_EMPTY_BODY = YES;
				CLANG_WARN_ENUM_CONVERSION = YES;
				CLANG_WARN_INFINITE_RECURSION = YES;
				CLANG_WARN_INT_CONVERSION = YES;
				CLANG_WARN_NON_LITERAL_NULL_CONVERSION = YES;
				CLANG_WARN_OBJC_IMPLICIT_RETAIN_SELF = YES;
				CLANG_WARN_OBJC_LITERAL_CONVERSION = YES;
				CLANG_WARN_OBJC_ROOT_CLASS = YES_ERROR;
				CLANG_WARN_RANGE_LOOP_ANALYSIS = YES;
				CLANG_WARN_STRICT_PROTOTYPES = YES;
				CLANG_WARN_SUSPICIOUS_MOVE = YES;
				CLANG_WARN_UNGUARDED_AVAILABILITY = YES_AGGRESSIVE;
				CLANG_WARN_UNREACHABLE_CODE = YES;
				CLANG_WARN__DUPLICATE_METHOD_MATCH = YES;
				COPY_PHASE_STRIP = NO;
				DEBUG_INFORMATION_FORMAT = "dwarf-with-dsym";
				ENABLE_NS_ASSERTIONS = NO;
				ENABLE_STRICT_OBJC_MSGSEND = YES;
				GCC_C_LANGUAGE_STANDARD = gnu11;
				GCC_NO_COMMON_BLOCKS = YES;
				GCC_WARN_64_TO_32_BIT_CONVERSION = YES;
				GCC_WARN_ABOUT_RETURN_TYPE = YES_ERROR;
				GCC_WARN_UNDECLARED_SELECTOR = YES;
				GCC_WARN_UNINITIALIZED_AUTOS = YES_AGGRESSIVE;
				GCC_WARN_UNUSED_FUNCTION = YES;
				GCC_WARN_UNUSED_VARIABLE = YES;
				IPHONEOS_DEPLOYMENT_TARGET = 13.2;
				MTL_ENABLE_DEBUG_INFO = NO;
				MTL_FAST_MATH = YES;
				SDKROOT = iphoneos;
				SWIFT_COMPILATION_MODE = wholemodule;
				SWIFT_OPTIMIZATION_LEVEL = "-O";
				VALIDATE_PRODUCT = YES;
			};
			name = Release;
		};
		CA128C9D241A8EDC007B3CBC /* Debug */ = {
			isa = XCBuildConfiguration;
			buildSettings = {
				ASSETCATALOG_COMPILER_APPICON_NAME = AppIcon;
				CODE_SIGN_STYLE = Automatic;
				INFOPLIST_FILE = portfolioRosen/Info.plist;
				LD_RUNPATH_SEARCH_PATHS = (
					"$(inherited)",
					"@executable_path/Frameworks",
				);
				PRODUCT_BUNDLE_IDENTIFIER = aidan.portfolioRosen;
				PRODUCT_NAME = "$(TARGET_NAME)";
				SWIFT_VERSION = 5.0;
				TARGETED_DEVICE_FAMILY = "1,2";
			};
			name = Debug;
		};
		CA128C9E241A8EDC007B3CBC /* Release */ = {
			isa = XCBuildConfiguration;
			buildSettings = {
				ASSETCATALOG_COMPILER_APPICON_NAME = AppIcon;
				CODE_SIGN_STYLE = Automatic;
				INFOPLIST_FILE = portfolioRosen/Info.plist;
				LD_RUNPATH_SEARCH_PATHS = (
					"$(inherited)",
					"@executable_path/Frameworks",
				);
				PRODUCT_BUNDLE_IDENTIFIER = aidan.portfolioRosen;
				PRODUCT_NAME = "$(TARGET_NAME)";
				SWIFT_VERSION = 5.0;
				TARGETED_DEVICE_FAMILY = "1,2";
			};
			name = Release;
		};
/* End XCBuildConfiguration section */

/* Begin XCConfigurationList section */
		CA128C83241A8EDA007B3CBC /* Build configuration list for PBXProject "portfolioRosen" */ = {
			isa = XCConfigurationList;
			buildConfigurations = (
				CA128C9A241A8EDC007B3CBC /* Debug */,
				CA128C9B241A8EDC007B3CBC /* Release */,
			);
			defaultConfigurationIsVisible = 0;
			defaultConfigurationName = Release;
		};
		CA128C9C241A8EDC007B3CBC /* Build configuration list for PBXNativeTarget "portfolioRosen" */ = {
			isa = XCConfigurationList;
			buildConfigurations = (
				CA128C9D241A8EDC007B3CBC /* Debug */,
				CA128C9E241A8EDC007B3CBC /* Release */,
			);
			defaultConfigurationIsVisible = 0;
			defaultConfigurationName = Release;
		};
/* End XCConfigurationList section */
	};
	rootObject = CA128C80241A8EDA007B3CBC /* Project object */;
}
